{
  "name": "npm",
  "version": "1.0.0",
  "lockfileVersion": 3,
  "requires": true,
  "packages": {
    "": {
      "name": "npm",
      "version": "1.0.0",
      "license": "MIT",
      "dependencies": {
        "hijrah-date": "^1.0.3",
        "loadash": "^1.0.0",
        "time-pray": "^2.0.0"
      }
    },
    "node_modules/hijrah-date": {
      "version": "1.0.3",
      "resolved": "https://registry.npmjs.org/hijrah-date/-/hijrah-date-1.0.3.tgz",
      "integrity": "sha512-3xAfYTp4FHWue1ovSWSP77vMfM1tIZrk3TrCph4qV8GsABlaLBJWS/dfMjG4/tA+3/1xDFL9i5KUFa2ed4kZ0w=="
    },
    "node_modules/loadash": {
      "version": "1.0.0",
      "resolved": "https://registry.npmjs.org/loadash/-/loadash-1.0.0.tgz",
      "integrity": "sha512-xlX5HBsXB3KG0FJbJJG/3kYWCfsCyCSus3T+uHVu6QL6YxAdggmm3QeyLgn54N2yi5/UE6xxL5ZWJAAiHzHYEg==",
      "deprecated": "Package is unsupport. Please use the lodash package instead."
    },
    "node_modules/time-pray": {
      "version": "2.0.0",
      "resolved": "https://registry.npmjs.org/time-pray/-/time-pray-2.0.0.tgz",
      "integrity": "sha512-9H88n9vp4Expgpx+IEuRh4Np2+figStGDDVrkXiLxilNtkvutZbYXl5alRH1vMBYsL0EQAWrNUW+egMyfdmE7Q=="
    }
  }
}
